
Microsoft Visual Studio Solution File, Format Version 12.00
# Visual Studio Version 17
VisualStudioVersion = 17.5.33627.172
MinimumVisualStudioVersion = 10.0.40219.1
Project("{FAE04EC0-301F-11D3-BF4B-00C04F79EFBC}") = "otoparkotomasyon", "otoparkotomasyon\otoparkotomasyon.csproj", "{9022F61D-8A6B-498F-8A86-247F0BCF0303}"
EndProject
Global
	GlobalSection(SolutionConfigurationPlatforms) = preSolution
		Debug|Any CPU = Debug|Any CPU
		Release|Any CPU = Release|Any CPU
	EndGlobalSection
	GlobalSection(ProjectConfigurationPlatforms) = postSolution
		{9022F61D-8A6B-498F-8A86-247F0BCF0303}.Debug|Any CPU.ActiveCfg = Debug|Any CPU
		{9022F61D-8A6B-498F-8A86-247F0BCF0303}.Debug|Any CPU.Build.0 = Debug|Any CPU
		{9022F61D-8A6B-498F-8A86-247F0BCF0303}.Release|Any CPU.ActiveCfg = Release|Any CPU
		{9022F61D-8A6B-498F-8A86-247F0BCF0303}.Release|Any CPU.Build.0 = Release|Any CPU
	EndGlobalSection
	GlobalSection(SolutionProperties) = preSolution
		HideSolutionNode = FALSE
	EndGlobalSection
	GlobalSection(ExtensibilityGlobals) = postSolution
		SolutionGuid = {2CC67ED9-BE75-4B67-97B7-5FDC5594AA17}
	EndGlobalSection
EndGlobal
